# THIS IS AN AUTOGENERATED FILE. DO NOT EDIT THIS FILE DIRECTLY.
# yarn lockfile v1


flow-bin@^0.114.0:
  version "0.114.0"
  resolved "https://registry.yarnpkg.com/flow-bin/-/flow-bin-0.114.0.tgz#9079c5fcdf08fab4db91616f38994e9b7d035842"
  integrity sha512-hewufX0nbnhemQn5XtJ97nEFNqoBclPBAZ54aY3jKuZJnLpwqB7Doaplet3M26TOh2NchBsU0+lUkM8oVna2VA==
